
Microsoft Visual Studio Solution File, Format Version 12.00
# Visual Studio Version 17
VisualStudioVersion = 17.4.33213.308
MinimumVisualStudioVersion = 10.0.40219.1
Project("{FAE04EC0-301F-11D3-BF4B-00C04F79EFBC}") = "Grocery Tracker", "Grocery Tracker\Grocery Tracker.csproj", "{F73BF832-62D6-4446-9225-7B548224BE9A}"
EndProject
Global
	GlobalSection(SolutionConfigurationPlatforms) = preSolution
		Debug|Any CPU = Debug|Any CPU
		Release|Any CPU = Release|Any CPU
	EndGlobalSection
	GlobalSection(ProjectConfigurationPlatforms) = postSolution
		{F73BF832-62D6-4446-9225-7B548224BE9A}.Debug|Any CPU.ActiveCfg = Debug|Any CPU
		{F73BF832-62D6-4446-9225-7B548224BE9A}.Debug|Any CPU.Build.0 = Debug|Any CPU
		{F73BF832-62D6-4446-9225-7B548224BE9A}.Release|Any CPU.ActiveCfg = Release|Any CPU
		{F73BF832-62D6-4446-9225-7B548224BE9A}.Release|Any CPU.Build.0 = Release|Any CPU
	EndGlobalSection
	GlobalSection(SolutionProperties) = preSolution
		HideSolutionNode = FALSE
	EndGlobalSection
	GlobalSection(ExtensibilityGlobals) = postSolution
		SolutionGuid = {E851BF03-B7E4-4CEA-9C14-90A4AFFB146D}
	EndGlobalSection
EndGlobal
